<?xml version="1.0" encoding="utf-8"?>
<Project ToolsVersion="4.0" xmlns="http://schemas.microsoft.com/developer/msbuild/2003">
  <ItemGroup>
    <Filter Include="Source Files">
      <UniqueIdentifier>{4FC737F1-C7A5-4376-A066-2A32D752A2FF}</UniqueIdentifier>
      <Extensions>cpp;c;cc;cxx;def;odl;idl;hpj;bat;asm;asmx</Extensions>
    </Filter>
    <Filter Include="Resource Files">
      <UniqueIdentifier>{67DA6AB6-F800-4c08-8B7A-83BB121AAD01}</UniqueIdentifier>
      <Extensions>rc;ico;cur;bmp;dlg;rc2;rct;bin;rgs;gif;jpg;jpeg;jpe;resx;tiff;tif;png;wav;mfcribbon-ms</Extensions>
    </Filter>
    <Filter Include="Source Files\Math">
      <UniqueIdentifier>{a5fa23d1-7627-44a6-b486-eb163a5bbad6}</UniqueIdentifier>
    </Filter>
    <Filter Include="Source Files\Util">
      <UniqueIdentifier>{35821e0d-afca-45c9-b472-36551fce5786}</UniqueIdentifier>
    </Filter>
    <Filter Include="Source Files\Util\Container">
      <UniqueIdentifier>{26f48234-c177-446f-bbb9-1e5e25961017}</UniqueIdentifier>
    </Filter>
  </ItemGroup>
  <ItemGroup>
    <ClInclude Include="Math\Math.h">
      <Filter>Source Files\Math</Filter>
    </ClInclude>
    <ClInclude Include="Math\Angle.h">
      <Filter>Source Files\Math</Filter>
    </ClInclude>
    <ClInclude Include="Object.h">
      <Filter>Source Files</Filter>
    </ClInclude>
    <ClInclude Include="Math\Vector2.h">
      <Filter>Source Files\Math</Filter>
    </ClInclude>
    <ClInclude Include="Math\Vector3.h">
      <Filter>Source Files\Math</Filter>
    </ClInclude>
    <ClInclude Include="Util\Container\Container.h">
      <Filter>Source Files\Util\Container</Filter>
    </ClInclude>
    <ClInclude Include="Util\Util.h">
      <Filter>Source Files\Util</Filter>
    </ClInclude>
    <ClInclude Include="Util\Container\Array.h">
      <Filter>Source Files\Util\Container</Filter>
    </ClInclude>
    <ClInclude Include="Util\Container\LinkedList.h">
      <Filter>Source Files\Util\Container</Filter>
    </ClInclude>
    <ClInclude Include="Util\Container\ArrayIterator.h">
      <Filter>Source Files\Util\Container</Filter>
    </ClInclude>
    <ClInclude Include="Util\Container\LinkedListIterator.h">
      <Filter>Source Files\Util\Container</Filter>
    </ClInclude>
    <ClInclude Include="Util\Container\Map.h">
      <Filter>Source Files\Util\Container</Filter>
    </ClInclude>
    <ClInclude Include="Util\Container\MapIterator.h">
      <Filter>Source Files\Util\Container</Filter>
    </ClInclude>
    <ClInclude Include="Util\Container\Pair.h">
      <Filter>Source Files\Util\Container</Filter>
    </ClInclude>
  </ItemGroup>
  <ItemGroup>
    <ClCompile Include="Math\Math.cpp">
      <Filter>Source Files\Math</Filter>
    </ClCompile>
    <ClCompile Include="Math\Angle.cpp">
      <Filter>Source Files\Math</Filter>
    </ClCompile>
    <ClCompile Include="Object.cpp">
      <Filter>Source Files</Filter>
    </ClCompile>
    <ClCompile Include="Math\Vector2.cpp">
      <Filter>Source Files\Math</Filter>
    </ClCompile>
    <ClCompile Include="Math\Vector3.cpp">
      <Filter>Source Files\Math</Filter>
    </ClCompile>
    <ClCompile Include="Util\Util.cpp">
      <Filter>Source Files\Util</Filter>
    </ClCompile>
  </ItemGroup>
</Project>