<?xml version="1.0" encoding="utf-8"?>
<Project ToolsVersion="4.0" xmlns="http://schemas.microsoft.com/developer/msbuild/2003">
  <ItemGroup>
    <Filter Include="Source Files">
      <UniqueIdentifier>{4FC737F1-C7A5-4376-A066-2A32D752A2FF}</UniqueIdentifier>
      <Extensions>cpp;c;cc;cxx;def;odl;idl;hpj;bat;asm;asmx</Extensions>
    </Filter>
    <Filter Include="Resource Files">
      <UniqueIdentifier>{67DA6AB6-F800-4c08-8B7A-83BB121AAD01}</UniqueIdentifier>
      <Extensions>rc;ico;cur;bmp;dlg;rc2;rct;bin;rgs;gif;jpg;jpeg;jpe;resx;tiff;tif;png;wav;mfcribbon-ms</Extensions>
    </Filter>
    <Filter Include="Source Files\Math">
      <UniqueIdentifier>{a5fa23d1-7627-44a6-b486-eb163a5bbad6}</UniqueIdentifier>
    </Filter>
    <Filter Include="Source Files\Util">
      <UniqueIdentifier>{35821e0d-afca-45c9-b472-36551fce5786}</UniqueIdentifier>
    </Filter>
    <Filter Include="Source Files\Util\Types">
      <UniqueIdentifier>{828309da-bd61-4113-a5a7-2c35579de08a}</UniqueIdentifier>
    </Filter>
    <Filter Include="Source Files\Math\Vector">
      <UniqueIdentifier>{b2244079-d40a-4ffa-8fa1-8ec60a45e334}</UniqueIdentifier>
    </Filter>
    <Filter Include="Source Files\Actor">
      <UniqueIdentifier>{b51887ee-4e17-426d-bb81-42205d01b570}</UniqueIdentifier>
    </Filter>
    <Filter Include="Source Files\Component">
      <UniqueIdentifier>{a8b83ddd-cdbc-4a52-bf8f-194eed55ff48}</UniqueIdentifier>
    </Filter>
    <Filter Include="Source Files\Level">
      <UniqueIdentifier>{2fcd97b7-6828-4dd8-b19f-e639c1df55dd}</UniqueIdentifier>
    </Filter>
    <Filter Include="Source Files\Util\Function">
      <UniqueIdentifier>{b60d83fe-a935-48dc-9254-24cebbd55e78}</UniqueIdentifier>
    </Filter>
    <Filter Include="Source Files\Util\Time">
      <UniqueIdentifier>{2ce556c7-0e07-42b5-ab97-34b143b30eaa}</UniqueIdentifier>
    </Filter>
    <Filter Include="Source Files\Util\Log">
      <UniqueIdentifier>{9ec49e51-c3ad-413f-8895-396dbfeb0a0c}</UniqueIdentifier>
    </Filter>
    <Filter Include="Source Files\Util\Lang">
      <UniqueIdentifier>{e8be045c-756b-49a0-84a2-90b57dd56fee}</UniqueIdentifier>
    </Filter>
    <Filter Include="Source Files\Game">
      <UniqueIdentifier>{9109d506-8130-43fd-852a-1333c9839eb1}</UniqueIdentifier>
    </Filter>
    <Filter Include="Source Files\Component\Camera">
      <UniqueIdentifier>{d8bbac79-1b5c-4b9d-a6be-f1b5684409ac}</UniqueIdentifier>
    </Filter>
    <Filter Include="Source Files\Component\Visible">
      <UniqueIdentifier>{b11beaec-55d1-4f54-aa8b-3087e060db76}</UniqueIdentifier>
    </Filter>
    <Filter Include="Source Files\Math\Shape">
      <UniqueIdentifier>{74adebfc-70b0-4a19-8693-ee624d45c274}</UniqueIdentifier>
    </Filter>
    <Filter Include="Source Files\Util\Animation">
      <UniqueIdentifier>{da030ca4-ed1e-4fa5-ba9a-989d09c38cb8}</UniqueIdentifier>
    </Filter>
    <Filter Include="Source Files\Component\Audio">
      <UniqueIdentifier>{57c5045f-6540-4f7a-8759-60352697d688}</UniqueIdentifier>
    </Filter>
    <Filter Include="Source Files\Component\Collision">
      <UniqueIdentifier>{52c9e025-822d-49c9-8090-8f3d21a0e4e6}</UniqueIdentifier>
    </Filter>
    <Filter Include="Source Files\Util\Input">
      <UniqueIdentifier>{f18e12eb-18f2-4ae0-9cc8-4537c337f503}</UniqueIdentifier>
    </Filter>
    <Filter Include="Source Files\Component\Clickable">
      <UniqueIdentifier>{ee803cb1-98ec-4686-ae42-e18ed69c43ba}</UniqueIdentifier>
    </Filter>
    <Filter Include="Source Files\Util\SaveLoad">
      <UniqueIdentifier>{50c2068a-2a11-4eaa-a494-61e207d217f1}</UniqueIdentifier>
    </Filter>
  </ItemGroup>
  <ItemGroup>
    <ClInclude Include="Source\Math\Math.h">
      <Filter>Source Files\Math</Filter>
    </ClInclude>
    <ClInclude Include="Source\Math\Angle.h">
      <Filter>Source Files\Math</Filter>
    </ClInclude>
    <ClInclude Include="Source\Object.h">
      <Filter>Source Files</Filter>
    </ClInclude>
    <ClInclude Include="Source\Util\Util.h">
      <Filter>Source Files\Util</Filter>
    </ClInclude>
    <ClInclude Include="Source\Util\Types\String.h">
      <Filter>Source Files\Util\Types</Filter>
    </ClInclude>
    <ClInclude Include="Source\Math\Vector\Vector2.h">
      <Filter>Source Files\Math\Vector</Filter>
    </ClInclude>
    <ClInclude Include="Source\Math\Vector\Vector3.h">
      <Filter>Source Files\Math\Vector</Filter>
    </ClInclude>
    <ClInclude Include="Source\Math\Vector\Point2.h">
      <Filter>Source Files\Math\Vector</Filter>
    </ClInclude>
    <ClInclude Include="Source\Math\Vector\Point3.h">
      <Filter>Source Files\Math\Vector</Filter>
    </ClInclude>
    <ClInclude Include="Source\Level\Level.h">
      <Filter>Source Files\Level</Filter>
    </ClInclude>
    <ClInclude Include="Source\Component\Component.h">
      <Filter>Source Files\Component</Filter>
    </ClInclude>
    <ClInclude Include="Source\Actor\Actor.h">
      <Filter>Source Files\Actor</Filter>
    </ClInclude>
    <ClInclude Include="Source\Util\Function\Delegate.h">
      <Filter>Source Files\Util\Function</Filter>
    </ClInclude>
    <ClInclude Include="Source\Util\Time\Timer.h">
      <Filter>Source Files\Util\Time</Filter>
    </ClInclude>
    <ClInclude Include="Source\Util\Time\Time.h">
      <Filter>Source Files\Util\Time</Filter>
    </ClInclude>
    <ClInclude Include="Source\Util\Lang\Text.h">
      <Filter>Source Files\Util\Lang</Filter>
    </ClInclude>
    <ClInclude Include="Source\Util\Lang\Lang.h">
      <Filter>Source Files\Util\Lang</Filter>
    </ClInclude>
    <ClInclude Include="Source\Util\Log\Log.h">
      <Filter>Source Files\Util\Log</Filter>
    </ClInclude>
    <ClInclude Include="Source\Util\Time\TimerManager.h">
      <Filter>Source Files\Util\Time</Filter>
    </ClInclude>
    <ClInclude Include="Source\Util\Function\DelegateBinder.h">
      <Filter>Source Files\Util\Function</Filter>
    </ClInclude>
    <ClInclude Include="Source\Game\Config.h">
      <Filter>Source Files\Game</Filter>
    </ClInclude>
    <ClInclude Include="Source\Game\Game.h">
      <Filter>Source Files\Game</Filter>
    </ClInclude>
    <ClInclude Include="Source\Util\Types\Transform.h">
      <Filter>Source Files\Util\Types</Filter>
    </ClInclude>
    <ClInclude Include="Source\Component\Camera\CameraComponent.h">
      <Filter>Source Files\Component\Camera</Filter>
    </ClInclude>
    <ClInclude Include="Source\Component\Visible\VisibleComponent.h">
      <Filter>Source Files\Component\Visible</Filter>
    </ClInclude>
    <ClInclude Include="Source\Util\ResourceManager.h">
      <Filter>Source Files\Util</Filter>
    </ClInclude>
    <ClInclude Include="Source\Component\Visible\SpriteComponent.h">
      <Filter>Source Files\Component\Visible</Filter>
    </ClInclude>
    <ClInclude Include="Source\Util\Animation\SpriteAnimation.h">
      <Filter>Source Files\Util\Animation</Filter>
    </ClInclude>
    <ClInclude Include="Source\Util\Animation\SimpleSpriteAnimation.h">
      <Filter>Source Files\Util\Animation</Filter>
    </ClInclude>
    <ClInclude Include="Source\Math\Shape\IntRect.h">
      <Filter>Source Files\Math\Shape</Filter>
    </ClInclude>
    <ClInclude Include="Source\Util\Animation\AdvancedSpriteAnimation.h">
      <Filter>Source Files\Util\Animation</Filter>
    </ClInclude>
    <ClInclude Include="Source\Component\Visible\AnimationComponent.h">
      <Filter>Source Files\Component\Visible</Filter>
    </ClInclude>
    <ClInclude Include="Source\Component\Visible\TextComponent.h">
      <Filter>Source Files\Component\Visible</Filter>
    </ClInclude>
    <ClInclude Include="Source\Component\Audio\SoundComponent.h">
      <Filter>Source Files\Component\Audio</Filter>
    </ClInclude>
    <ClInclude Include="Source\Component\Audio\MusicComponent.h">
      <Filter>Source Files\Component\Audio</Filter>
    </ClInclude>
    <ClInclude Include="Source\Component\Collision\CollisionComponent.h">
      <Filter>Source Files\Component\Collision</Filter>
    </ClInclude>
    <ClInclude Include="Source\Component\Collision\RectCollisionComponent.h">
      <Filter>Source Files\Component\Collision</Filter>
    </ClInclude>
    <ClInclude Include="Source\Component\Collision\CircleCollisionComponent.h">
      <Filter>Source Files\Component\Collision</Filter>
    </ClInclude>
    <ClInclude Include="Source\Util\Input\Input.h">
      <Filter>Source Files\Util\Input</Filter>
    </ClInclude>
    <ClInclude Include="Source\Component\Clickable\CircleClickableComponent.h">
      <Filter>Source Files\Component\Clickable</Filter>
    </ClInclude>
    <ClInclude Include="Source\Component\Clickable\ClickableComponent.h">
      <Filter>Source Files\Component\Clickable</Filter>
    </ClInclude>
    <ClInclude Include="Source\Component\Clickable\RectClickableComponent.h">
      <Filter>Source Files\Component\Clickable</Filter>
    </ClInclude>
    <ClInclude Include="Source\Util\Input\Keys.h">
      <Filter>Source Files\Util\Input</Filter>
    </ClInclude>
    <ClInclude Include="Source\Actor\SimpleActor.h">
      <Filter>Source Files\Actor</Filter>
    </ClInclude>
    <ClInclude Include="Source\Util\SaveLoad\SaveLoad.h">
      <Filter>Source Files\Util\SaveLoad</Filter>
    </ClInclude>
    <ClInclude Include="Source\Math\Shape\DoubleRect.h">
      <Filter>Source Files\Math\Shape</Filter>
    </ClInclude>
  </ItemGroup>
  <ItemGroup>
    <ClCompile Include="Source\Math\Math.cpp">
      <Filter>Source Files\Math</Filter>
    </ClCompile>
    <ClCompile Include="Source\Math\Angle.cpp">
      <Filter>Source Files\Math</Filter>
    </ClCompile>
    <ClCompile Include="Source\Object.cpp">
      <Filter>Source Files</Filter>
    </ClCompile>
    <ClCompile Include="Source\Util\Util.cpp">
      <Filter>Source Files\Util</Filter>
    </ClCompile>
    <ClCompile Include="Source\Util\Types\String.cpp">
      <Filter>Source Files\Util\Types</Filter>
    </ClCompile>
    <ClCompile Include="Source\Math\Vector\Vector2.cpp">
      <Filter>Source Files\Math\Vector</Filter>
    </ClCompile>
    <ClCompile Include="Source\Math\Vector\Vector3.cpp">
      <Filter>Source Files\Math\Vector</Filter>
    </ClCompile>
    <ClCompile Include="Source\Math\Vector\Point2.cpp">
      <Filter>Source Files\Math\Vector</Filter>
    </ClCompile>
    <ClCompile Include="Source\Math\Vector\Point3.cpp">
      <Filter>Source Files\Math\Vector</Filter>
    </ClCompile>
    <ClCompile Include="Source\Level\Level.cpp">
      <Filter>Source Files\Level</Filter>
    </ClCompile>
    <ClCompile Include="Source\Component\Component.cpp">
      <Filter>Source Files\Component</Filter>
    </ClCompile>
    <ClCompile Include="Source\Actor\Actor.cpp">
      <Filter>Source Files\Actor</Filter>
    </ClCompile>
    <ClCompile Include="Source\Util\Function\Event.h">
      <Filter>Source Files\Util\Function</Filter>
    </ClCompile>
    <ClCompile Include="Source\Util\Time\Timer.cpp">
      <Filter>Source Files\Util\Time</Filter>
    </ClCompile>
    <ClCompile Include="Source\Util\Time\Time.cpp">
      <Filter>Source Files\Util\Time</Filter>
    </ClCompile>
    <ClCompile Include="Source\Util\Lang\Lang.cpp">
      <Filter>Source Files\Util\Lang</Filter>
    </ClCompile>
    <ClCompile Include="Source\Util\Lang\Text.cpp">
      <Filter>Source Files\Util\Lang</Filter>
    </ClCompile>
    <ClCompile Include="Source\Util\Log\Log.cpp">
      <Filter>Source Files\Util\Log</Filter>
    </ClCompile>
    <ClCompile Include="Source\Util\Time\TimerManager.cpp">
      <Filter>Source Files\Util\Time</Filter>
    </ClCompile>
    <ClCompile Include="Source\Util\Function\EventBinder.h">
      <Filter>Source Files\Util\Function</Filter>
    </ClCompile>
    <ClCompile Include="Source\Game\Config.cpp">
      <Filter>Source Files\Game</Filter>
    </ClCompile>
    <ClCompile Include="Source\Game\Game.cpp">
      <Filter>Source Files\Game</Filter>
    </ClCompile>
    <ClCompile Include="Source\Util\Types\Transform.cpp">
      <Filter>Source Files\Util\Types</Filter>
    </ClCompile>
    <ClCompile Include="Source\Component\Camera\CameraComponent.cpp">
      <Filter>Source Files\Component\Camera</Filter>
    </ClCompile>
    <ClCompile Include="Source\Component\Visible\VisibleComponent.cpp">
      <Filter>Source Files\Component\Visible</Filter>
    </ClCompile>
    <ClCompile Include="Source\Util\ResourceManager.cpp">
      <Filter>Source Files\Util</Filter>
    </ClCompile>
    <ClCompile Include="Source\Component\Visible\SpriteComponent.cpp">
      <Filter>Source Files\Component\Visible</Filter>
    </ClCompile>
    <ClCompile Include="Source\Util\Animation\SpriteAnimation.cpp">
      <Filter>Source Files\Util\Animation</Filter>
    </ClCompile>
    <ClCompile Include="Source\Util\Animation\SimpleSpriteAnimation.cpp">
      <Filter>Source Files\Util\Animation</Filter>
    </ClCompile>
    <ClCompile Include="Source\Math\Shape\IntRect.cpp">
      <Filter>Source Files\Math\Shape</Filter>
    </ClCompile>
    <ClCompile Include="Source\Util\Animation\AdvancedSpriteAnimation.cpp">
      <Filter>Source Files\Util\Animation</Filter>
    </ClCompile>
    <ClCompile Include="Source\Component\Visible\AnimationComponent.cpp">
      <Filter>Source Files\Component\Visible</Filter>
    </ClCompile>
    <ClCompile Include="Source\Component\Visible\TextComponent.cpp">
      <Filter>Source Files\Component\Visible</Filter>
    </ClCompile>
    <ClCompile Include="Source\Component\Audio\SoundComponent.cpp">
      <Filter>Source Files\Component\Audio</Filter>
    </ClCompile>
    <ClCompile Include="Source\Component\Audio\MusicComponent.cpp">
      <Filter>Source Files\Component\Audio</Filter>
    </ClCompile>
    <ClCompile Include="Source\Component\Collision\CollisionComponent.cpp">
      <Filter>Source Files\Component\Collision</Filter>
    </ClCompile>
    <ClCompile Include="Source\Component\Collision\CircleCollisionComponent.cpp">
      <Filter>Source Files\Component\Collision</Filter>
    </ClCompile>
    <ClCompile Include="Source\Component\Collision\RectCollisionComponent.cpp">
      <Filter>Source Files\Component\Collision</Filter>
    </ClCompile>
    <ClCompile Include="Source\Util\Input\Input.cpp">
      <Filter>Source Files\Util\Input</Filter>
    </ClCompile>
    <ClCompile Include="Source\Component\Clickable\ClickableComponent.cpp">
      <Filter>Source Files\Component\Clickable</Filter>
    </ClCompile>
    <ClCompile Include="Source\Component\Clickable\RectClickableComponent.cpp">
      <Filter>Source Files\Component\Clickable</Filter>
    </ClCompile>
    <ClCompile Include="Source\Component\Clickable\CircleClickableComponent.cpp">
      <Filter>Source Files\Component\Clickable</Filter>
    </ClCompile>
    <ClCompile Include="Source\Util\Input\Keys.cpp">
      <Filter>Source Files\Util\Input</Filter>
    </ClCompile>
    <ClCompile Include="Source\Util\SaveLoad\SaveLoad.cpp">
      <Filter>Source Files\Util\SaveLoad</Filter>
    </ClCompile>
    <ClCompile Include="Source\Math\Shape\DoubleRect.cpp">
      <Filter>Source Files\Math\Shape</Filter>
    </ClCompile>
  </ItemGroup>
  <ItemGroup>
    <Text Include="Source\Systems.txt">
      <Filter>Source Files</Filter>
    </Text>
  </ItemGroup>
</Project>