<?xml version="1.0" encoding="utf-8"?>
<Project ToolsVersion="4.0" xmlns="http://schemas.microsoft.com/developer/msbuild/2003">
  <ItemGroup>
    <Filter Include="Source Files">
      <UniqueIdentifier>{4FC737F1-C7A5-4376-A066-2A32D752A2FF}</UniqueIdentifier>
      <Extensions>cpp;c;cc;cxx;def;odl;idl;hpj;bat;asm;asmx</Extensions>
    </Filter>
    <Filter Include="Resource Files">
      <UniqueIdentifier>{67DA6AB6-F800-4c08-8B7A-83BB121AAD01}</UniqueIdentifier>
      <Extensions>rc;ico;cur;bmp;dlg;rc2;rct;bin;rgs;gif;jpg;jpeg;jpe;resx;tiff;tif;png;wav;mfcribbon-ms</Extensions>
    </Filter>
    <Filter Include="Source Files\Math">
      <UniqueIdentifier>{a5fa23d1-7627-44a6-b486-eb163a5bbad6}</UniqueIdentifier>
    </Filter>
    <Filter Include="Source Files\Util">
      <UniqueIdentifier>{35821e0d-afca-45c9-b472-36551fce5786}</UniqueIdentifier>
    </Filter>
    <Filter Include="Source Files\Util\Container">
      <UniqueIdentifier>{26f48234-c177-446f-bbb9-1e5e25961017}</UniqueIdentifier>
    </Filter>
    <Filter Include="Source Files\Util\Types">
      <UniqueIdentifier>{828309da-bd61-4113-a5a7-2c35579de08a}</UniqueIdentifier>
    </Filter>
    <Filter Include="Source Files\Math\Vector">
      <UniqueIdentifier>{b2244079-d40a-4ffa-8fa1-8ec60a45e334}</UniqueIdentifier>
    </Filter>
    <Filter Include="Source Files\Actor">
      <UniqueIdentifier>{b51887ee-4e17-426d-bb81-42205d01b570}</UniqueIdentifier>
    </Filter>
    <Filter Include="Source Files\Component">
      <UniqueIdentifier>{a8b83ddd-cdbc-4a52-bf8f-194eed55ff48}</UniqueIdentifier>
    </Filter>
    <Filter Include="Source Files\Level">
      <UniqueIdentifier>{2fcd97b7-6828-4dd8-b19f-e639c1df55dd}</UniqueIdentifier>
    </Filter>
    <Filter Include="Source Files\Util\Function">
      <UniqueIdentifier>{b60d83fe-a935-48dc-9254-24cebbd55e78}</UniqueIdentifier>
    </Filter>
    <Filter Include="Source Files\Util\Time">
      <UniqueIdentifier>{2ce556c7-0e07-42b5-ab97-34b143b30eaa}</UniqueIdentifier>
    </Filter>
    <Filter Include="Source Files\Util\Log">
      <UniqueIdentifier>{9ec49e51-c3ad-413f-8895-396dbfeb0a0c}</UniqueIdentifier>
    </Filter>
    <Filter Include="Source Files\Util\Lang">
      <UniqueIdentifier>{e8be045c-756b-49a0-84a2-90b57dd56fee}</UniqueIdentifier>
    </Filter>
  </ItemGroup>
  <ItemGroup>
    <ClInclude Include="Source\Math\Math.h">
      <Filter>Source Files\Math</Filter>
    </ClInclude>
    <ClInclude Include="Source\Math\Angle.h">
      <Filter>Source Files\Math</Filter>
    </ClInclude>
    <ClInclude Include="Source\Object.h">
      <Filter>Source Files</Filter>
    </ClInclude>
    <ClInclude Include="Source\Util\Container\Container.h">
      <Filter>Source Files\Util\Container</Filter>
    </ClInclude>
    <ClInclude Include="Source\Util\Util.h">
      <Filter>Source Files\Util</Filter>
    </ClInclude>
    <ClInclude Include="Source\Util\Container\Array.h">
      <Filter>Source Files\Util\Container</Filter>
    </ClInclude>
    <ClInclude Include="Source\Util\Container\LinkedList.h">
      <Filter>Source Files\Util\Container</Filter>
    </ClInclude>
    <ClInclude Include="Source\Util\Container\ArrayIterator.h">
      <Filter>Source Files\Util\Container</Filter>
    </ClInclude>
    <ClInclude Include="Source\Util\Container\LinkedListIterator.h">
      <Filter>Source Files\Util\Container</Filter>
    </ClInclude>
    <ClInclude Include="Source\Util\Container\Map.h">
      <Filter>Source Files\Util\Container</Filter>
    </ClInclude>
    <ClInclude Include="Source\Util\Container\MapIterator.h">
      <Filter>Source Files\Util\Container</Filter>
    </ClInclude>
    <ClInclude Include="Source\Util\Container\Pair.h">
      <Filter>Source Files\Util\Container</Filter>
    </ClInclude>
    <ClInclude Include="Source\Util\Container\SortedArray.h">
      <Filter>Source Files\Util\Container</Filter>
    </ClInclude>
    <ClInclude Include="Source\Util\Types\String.h">
      <Filter>Source Files\Util\Types</Filter>
    </ClInclude>
    <ClInclude Include="Source\Util\Config.h">
      <Filter>Source Files\Util</Filter>
    </ClInclude>
    <ClInclude Include="Source\Util\Game.h">
      <Filter>Source Files\Util</Filter>
    </ClInclude>
    <ClInclude Include="Source\Util\Container\Deque.h">
      <Filter>Source Files\Util\Container</Filter>
    </ClInclude>
    <ClInclude Include="Source\Util\Container\Queue.h">
      <Filter>Source Files\Util\Container</Filter>
    </ClInclude>
    <ClInclude Include="Source\Util\Container\Stack.h">
      <Filter>Source Files\Util\Container</Filter>
    </ClInclude>
    <ClInclude Include="Source\Math\Vector\Vector2.h">
      <Filter>Source Files\Math\Vector</Filter>
    </ClInclude>
    <ClInclude Include="Source\Math\Vector\Vector3.h">
      <Filter>Source Files\Math\Vector</Filter>
    </ClInclude>
    <ClInclude Include="Source\Math\Vector\Point2.h">
      <Filter>Source Files\Math\Vector</Filter>
    </ClInclude>
    <ClInclude Include="Source\Math\Vector\Point3.h">
      <Filter>Source Files\Math\Vector</Filter>
    </ClInclude>
    <ClInclude Include="Source\Level\Level.h">
      <Filter>Source Files\Level</Filter>
    </ClInclude>
    <ClInclude Include="Source\Component\Component.h">
      <Filter>Source Files\Component</Filter>
    </ClInclude>
    <ClInclude Include="Source\Actor\Actor.h">
      <Filter>Source Files\Actor</Filter>
    </ClInclude>
    <ClInclude Include="Source\Util\Function\Delegate.h">
      <Filter>Source Files\Util\Function</Filter>
    </ClInclude>
    <ClInclude Include="Source\Util\Time\Timer.h">
      <Filter>Source Files\Util\Time</Filter>
    </ClInclude>
    <ClInclude Include="Source\Util\Time\TimeInterval.h">
      <Filter>Source Files\Util\Time</Filter>
    </ClInclude>
    <ClInclude Include="Source\Util\Time\Time.h">
      <Filter>Source Files\Util\Time</Filter>
    </ClInclude>
    <ClInclude Include="Source\Util\Lang\Text.h">
      <Filter>Source Files\Util\Lang</Filter>
    </ClInclude>
    <ClInclude Include="Source\Util\Lang\Lang.h">
      <Filter>Source Files\Util\Lang</Filter>
    </ClInclude>
    <ClInclude Include="Source\Util\Log\Log.h">
      <Filter>Source Files\Util\Log</Filter>
    </ClInclude>
    <ClInclude Include="Source\Util\Time\TimerManager.h">
      <Filter>Source Files\Util\Time</Filter>
    </ClInclude>
  </ItemGroup>
  <ItemGroup>
    <ClCompile Include="Source\Math\Math.cpp">
      <Filter>Source Files\Math</Filter>
    </ClCompile>
    <ClCompile Include="Source\Math\Angle.cpp">
      <Filter>Source Files\Math</Filter>
    </ClCompile>
    <ClCompile Include="Source\Object.cpp">
      <Filter>Source Files</Filter>
    </ClCompile>
    <ClCompile Include="Source\Util\Util.cpp">
      <Filter>Source Files\Util</Filter>
    </ClCompile>
    <ClCompile Include="Source\Util\Types\String.cpp">
      <Filter>Source Files\Util\Types</Filter>
    </ClCompile>
    <ClCompile Include="Source\Util\Config.cpp">
      <Filter>Source Files\Util</Filter>
    </ClCompile>
    <ClCompile Include="Source\Util\Game.cpp">
      <Filter>Source Files\Util</Filter>
    </ClCompile>
    <ClCompile Include="Source\Math\Vector\Vector2.cpp">
      <Filter>Source Files\Math\Vector</Filter>
    </ClCompile>
    <ClCompile Include="Source\Math\Vector\Vector3.cpp">
      <Filter>Source Files\Math\Vector</Filter>
    </ClCompile>
    <ClCompile Include="Source\Math\Vector\Point2.cpp">
      <Filter>Source Files\Math\Vector</Filter>
    </ClCompile>
    <ClCompile Include="Source\Math\Vector\Point3.cpp">
      <Filter>Source Files\Math\Vector</Filter>
    </ClCompile>
    <ClCompile Include="Source\Level\Level.cpp">
      <Filter>Source Files\Level</Filter>
    </ClCompile>
    <ClCompile Include="Source\Component\Component.cpp">
      <Filter>Source Files\Component</Filter>
    </ClCompile>
    <ClCompile Include="Source\Actor\Actor.cpp">
      <Filter>Source Files\Actor</Filter>
    </ClCompile>
    <ClCompile Include="Source\Util\Function\Event.h">
      <Filter>Source Files\Util\Function</Filter>
    </ClCompile>
    <ClCompile Include="Source\Util\Time\Timer.cpp">
      <Filter>Source Files\Util\Time</Filter>
    </ClCompile>
    <ClCompile Include="Source\Util\Time\TimeInterval.cpp">
      <Filter>Source Files\Util\Time</Filter>
    </ClCompile>
    <ClCompile Include="Source\Util\Time\Time.cpp">
      <Filter>Source Files\Util\Time</Filter>
    </ClCompile>
    <ClCompile Include="Source\Util\Lang\Lang.cpp">
      <Filter>Source Files\Util\Lang</Filter>
    </ClCompile>
    <ClCompile Include="Source\Util\Lang\Text.cpp">
      <Filter>Source Files\Util\Lang</Filter>
    </ClCompile>
    <ClCompile Include="Source\Util\Log\Log.cpp">
      <Filter>Source Files\Util\Log</Filter>
    </ClCompile>
    <ClCompile Include="Source\Util\Time\TimerManager.cpp">
      <Filter>Source Files\Util\Time</Filter>
    </ClCompile>
  </ItemGroup>
</Project>